
Microsoft Visual Studio Solution File, Format Version 12.00
# Visual Studio Version 17
VisualStudioVersion = 17.10.34916.146
MinimumVisualStudioVersion = 10.0.40219.1
Project("{9A19103F-16F7-4668-BE54-9A1E7A4F7556}") = "TollFeeCalculator.Tests", "source\TollCalculator.Tests\TollFeeCalculator.Tests.csproj", "{7DC1559E-BC86-490C-A25F-0B995ED5042A}"
EndProject
Project("{FAE04EC0-301F-11D3-BF4B-00C04F79EFBC}") = "TollFeeCaclulator", "source\TollCaclulator\TollFeeCaclulator.csproj", "{05A5B465-0509-4F87-BAAE-6D0066112AF7}"
EndProject
Global
	GlobalSection(SolutionConfigurationPlatforms) = preSolution
		Debug|Any CPU = Debug|Any CPU
		Release|Any CPU = Release|Any CPU
	EndGlobalSection
	GlobalSection(ProjectConfigurationPlatforms) = postSolution
		{7DC1559E-BC86-490C-A25F-0B995ED5042A}.Debug|Any CPU.ActiveCfg = Debug|Any CPU
		{7DC1559E-BC86-490C-A25F-0B995ED5042A}.Debug|Any CPU.Build.0 = Debug|Any CPU
		{7DC1559E-BC86-490C-A25F-0B995ED5042A}.Release|Any CPU.ActiveCfg = Release|Any CPU
		{7DC1559E-BC86-490C-A25F-0B995ED5042A}.Release|Any CPU.Build.0 = Release|Any CPU
		{05A5B465-0509-4F87-BAAE-6D0066112AF7}.Debug|Any CPU.ActiveCfg = Debug|Any CPU
		{05A5B465-0509-4F87-BAAE-6D0066112AF7}.Debug|Any CPU.Build.0 = Debug|Any CPU
		{05A5B465-0509-4F87-BAAE-6D0066112AF7}.Release|Any CPU.ActiveCfg = Release|Any CPU
		{05A5B465-0509-4F87-BAAE-6D0066112AF7}.Release|Any CPU.Build.0 = Release|Any CPU
	EndGlobalSection
	GlobalSection(SolutionProperties) = preSolution
		HideSolutionNode = FALSE
	EndGlobalSection
	GlobalSection(ExtensibilityGlobals) = postSolution
		SolutionGuid = {97B3802D-CB9F-43A7-BB4C-847B45BE1834}
	EndGlobalSection
EndGlobal
